
Microsoft Visual Studio Solution File, Format Version 12.00
# Visual Studio Version 17
VisualStudioVersion = 17.2.32602.215
MinimumVisualStudioVersion = 10.0.40219.1
Project("{FAE04EC0-301F-11D3-BF4B-00C04F79EFBC}") = "CreationModel", "CreationModel\CreationModel.csproj", "{7FE74B7E-8A35-460B-B8CF-1D991837F71F}"
EndProject
Global
	GlobalSection(SolutionConfigurationPlatforms) = preSolution
		Debug|Any CPU = Debug|Any CPU
		Release|Any CPU = Release|Any CPU
	EndGlobalSection
	GlobalSection(ProjectConfigurationPlatforms) = postSolution
		{7FE74B7E-8A35-460B-B8CF-1D991837F71F}.Debug|Any CPU.ActiveCfg = Debug|Any CPU
		{7FE74B7E-8A35-460B-B8CF-1D991837F71F}.Debug|Any CPU.Build.0 = Debug|Any CPU
		{7FE74B7E-8A35-460B-B8CF-1D991837F71F}.Release|Any CPU.ActiveCfg = Release|Any CPU
		{7FE74B7E-8A35-460B-B8CF-1D991837F71F}.Release|Any CPU.Build.0 = Release|Any CPU
	EndGlobalSection
	GlobalSection(SolutionProperties) = preSolution
		HideSolutionNode = FALSE
	EndGlobalSection
	GlobalSection(ExtensibilityGlobals) = postSolution
		SolutionGuid = {DF42067C-72FD-4228-BFF6-6448AF6AAEFF}
	EndGlobalSection
EndGlobal
